
Microsoft Visual Studio Solution File, Format Version 12.00
# Visual Studio Version 17
VisualStudioVersion = 17.8.34004.107
MinimumVisualStudioVersion = 10.0.40219.1
Project("{2150E333-8FDC-42A3-9474-1A3956D46DE8}") = "src", "src", "{367B449B-DACF-49EA-A388-C640BAFC940D}"
EndProject
Project("{2150E333-8FDC-42A3-9474-1A3956D46DE8}") = "tests", "tests", "{4DF2B42F-48B0-4B18-9A27-6DC52BAA7C98}"
EndProject
Project("{2150E333-8FDC-42A3-9474-1A3956D46DE8}") = "swe", "swe", "{56C11EE1-F863-4223-8364-4F5FCA6DEB00}"
EndProject
Project("{2150E333-8FDC-42A3-9474-1A3956D46DE8}") = "swe", "swe", "{B83D9F3E-68D1-45B2-A545-433E60178E37}"
EndProject
Project("{2150E333-8FDC-42A3-9474-1A3956D46DE8}") = "bm", "bm", "{E5DB508F-7205-4B99-948E-F5CBDE6AFDAE}"
EndProject
Project("{2150E333-8FDC-42A3-9474-1A3956D46DE8}") = "bm", "bm", "{89AD49E3-A23B-4A6D-82DF-84AA8618570E}"
EndProject
Project("{9A19103F-16F7-4668-BE54-9A1E7A4F7556}") = "BullMonitor.Data.Storage", "src\bm\BullMonitor.Data.Storage\BullMonitor.Data.Storage.csproj", "{82793579-056C-4668-A4A6-A62613175C1B}"
EndProject
Project("{9A19103F-16F7-4668-BE54-9A1E7A4F7556}") = "BullMonitor.Data.Sql", "src\bm\BullMonitor.Data.Sql\BullMonitor.Data.Sql.csproj", "{3C9010DC-C1AE-4125-8EBF-DDDD7E479390}"
EndProject
Project("{9A19103F-16F7-4668-BE54-9A1E7A4F7556}") = "BullMonitor.Abstractions", "src\bm\BullMonitor.Abstractions\BullMonitor.Abstractions.csproj", "{D88219C5-5FC3-4474-AF60-7338121BFC60}"
EndProject
Project("{9A19103F-16F7-4668-BE54-9A1E7A4F7556}") = "SWE.Infrastructure.Sql", "src\swe\SWE.Infrastructure.Sql\SWE.Infrastructure.Sql.csproj", "{5E23A266-6CB2-427B-A868-B03BA48DF2D3}"
EndProject
Project("{9A19103F-16F7-4668-BE54-9A1E7A4F7556}") = "SWE.Infrastructure.Abstractions", "src\swe\SWE.Infrastructure.Abstractions\SWE.Infrastructure.Abstractions.csproj", "{B71F4D50-22E3-443C-A556-7E3AFC508B57}"
EndProject
Project("{9A19103F-16F7-4668-BE54-9A1E7A4F7556}") = "SWE.Configuration", "src\swe\SWE.Configuration\SWE.Configuration.csproj", "{0FB28431-1386-4245-A2E6-02260A002508}"
EndProject
Project("{9A19103F-16F7-4668-BE54-9A1E7A4F7556}") = "SWE.Extensions", "src\swe\SWE.Extensions\SWE.Extensions.csproj", "{E60B20D2-5C22-41A6-8044-CBCFADF3DB17}"
EndProject
Project("{9A19103F-16F7-4668-BE54-9A1E7A4F7556}") = "BullMonitor.Ticker.Api", "src\bm\BullMonitor.Ticker.Api\BullMonitor.Ticker.Api.csproj", "{72F88323-18FA-4013-B6C6-DA1ADDD4AB98}"
EndProject
Project("{9A19103F-16F7-4668-BE54-9A1E7A4F7556}") = "SWE.Rabbit.Receiver", "src\swe\SWE.Rabbit.Receiver\SWE.Rabbit.Receiver.csproj", "{59B4D81F-E661-4684-8BDC-13FB6FFC5841}"
EndProject
Project("{9A19103F-16F7-4668-BE54-9A1E7A4F7556}") = "SWE.Rabbit.Abstractions", "src\swe\SWE.Rabbit.Abstractions\SWE.Rabbit.Abstractions.csproj", "{AD48DF23-B0A2-45C5-A6AB-C46E81635F65}"
EndProject
Project("{9A19103F-16F7-4668-BE54-9A1E7A4F7556}") = "SWE.Rabbit", "src\swe\SWE.Rabbit\SWE.Rabbit.csproj", "{741B36E2-EE5B-481C-9407-76A2F16193DF}"
EndProject
Project("{9A19103F-16F7-4668-BE54-9A1E7A4F7556}") = "BullMonitor.Ticker.Api.Abstractions", "src\bm\BullMonitor.Ticker.Api.Abstractions\BullMonitor.Ticker.Api.Abstractions.csproj", "{B1652379-2E00-4B29-A5BB-FCF9728F4B32}"
EndProject
Project("{9A19103F-16F7-4668-BE54-9A1E7A4F7556}") = "BullMonitor.Ticker.Handlers", "src\bm\BullMonitor.Ticker.Handlers\BullMonitor.Ticker.Handlers.csproj", "{CFB74357-E067-4C89-9576-46017E273833}"
EndProject
Project("{9A19103F-16F7-4668-BE54-9A1E7A4F7556}") = "BullMonitor.Ticker.Process", "src\bm\BullMonitor.Ticker.Process\BullMonitor.Ticker.Process.csproj", "{70C02D85-28C4-437C-890E-DCC32490EB6C}"
EndProject
Project("{9A19103F-16F7-4668-BE54-9A1E7A4F7556}") = "SWE.Process", "src\swe\SWE.Process\SWE.Process.csproj", "{DE406CD6-B060-4514-BB69-4B54D7347B8F}"
EndProject
Project("{9A19103F-16F7-4668-BE54-9A1E7A4F7556}") = "SWE.Time", "src\swe\SWE.Time\SWE.Time.csproj", "{5FCE2C5B-40E0-43A9-8850-9644562F2A52}"
EndProject
Project("{9A19103F-16F7-4668-BE54-9A1E7A4F7556}") = "SWE.Mongo", "src\swe\SWE.Mongo\SWE.Mongo.csproj", "{A90D426F-EB61-4FE0-9D88-012C23CD8475}"
EndProject
Project("{9A19103F-16F7-4668-BE54-9A1E7A4F7556}") = "SWE.Tests", "tests\swe\SWE.Tests\SWE.Tests.csproj", "{1CAF8027-8334-44A4-8D5E-BF7C3E256189}"
EndProject
Project("{9A19103F-16F7-4668-BE54-9A1E7A4F7556}") = "BullMonitor.Ticker.Process.Tests", "tests\bm\BullMonitor.Ticker.Process.Tests\BullMonitor.Ticker.Process.Tests.csproj", "{3847E4D4-AE7C-4C91-A001-C1792FF58E31}"
EndProject
Project("{9A19103F-16F7-4668-BE54-9A1E7A4F7556}") = "BullMonitor.DataMine.Tests", "tests\bm\BullMonitor.DataMine.Tests\BullMonitor.DataMine.Tests.csproj", "{A3E40B1B-6CC6-4C76-B6A8-633C47F47D57}"
EndProject
Project("{9A19103F-16F7-4668-BE54-9A1E7A4F7556}") = "BullMonitor.Abstractions.Tests", "tests\bm\BullMonitor.Abstractions.Tests\BullMonitor.Abstractions.Tests.csproj", "{95915AE8-6123-4974-8EC8-AD91BE21AA54}"
EndProject
Project("{9A19103F-16F7-4668-BE54-9A1E7A4F7556}") = "BullMonitor.DataMine", "src\bm\BullMonitor.DataMine\BullMonitor.DataMine.csproj", "{38FFBFE1-0B46-47A4-90D5-B306F3DFAE2C}"
EndProject
Project("{9A19103F-16F7-4668-BE54-9A1E7A4F7556}") = "SWE.Infrastructure.Http", "src\swe\SWE.Infrastructure.Http\SWE.Infrastructure.Http.csproj", "{2ED74D64-902A-404E-A0D6-D4E44594271C}"
EndProject
Project("{9A19103F-16F7-4668-BE54-9A1E7A4F7556}") = "SWE.Issue.Abstraction", "src\swe\SWE.Issue.Abstraction\SWE.Issue.Abstraction.csproj", "{143BEC2A-9144-45CA-936E-23C4C34625D5}"
EndProject
Project("{9A19103F-16F7-4668-BE54-9A1E7A4F7556}") = "BullMonitor.Ticker.Api.SDK", "src\bm\BullMonitor.Ticker.Api.SDK\BullMonitor.Ticker.Api.SDK.csproj", "{FECFB5DC-2661-4070-B96F-0959CBBCC3B3}"
EndProject
Project("{9A19103F-16F7-4668-BE54-9A1E7A4F7556}") = "BullMonitor.Ticker.Api.SDK.Tests", "tests\bm\BullMonitor.Ticker.Api.SDK.Tests\BullMonitor.Ticker.Api.SDK.Tests.csproj", "{6903162A-090A-47C2-BC65-4F9E4CAC5012}"
EndProject
Project("{9A19103F-16F7-4668-BE54-9A1E7A4F7556}") = "SWE.Infrastructure.DI", "src\swe\SWE.Infrastructure.DI\SWE.Infrastructure.DI.csproj", "{DCE6F10D-7FFE-4693-8ECC-9F78C40EB0F2}"
EndProject
Project("{9A19103F-16F7-4668-BE54-9A1E7A4F7556}") = "BullMonitor.Ticker.Api.Abstractions.Tests", "tests\bm\BullMonitor.Ticker.Api.Abstractions.Tests\BullMonitor.Ticker.Api.Abstractions.Tests.csproj", "{13C21189-7B6C-4C85-AE38-B78A230EB5FF}"
EndProject
Project("{2150E333-8FDC-42A3-9474-1A3956D46DE8}") = "handlers", "handlers", "{F3553087-B338-413F-BEA8-5CCCD6EFE034}"
EndProject
Project("{2150E333-8FDC-42A3-9474-1A3956D46DE8}") = "api", "api", "{116C521F-A270-4922-A929-6E04BFC63B57}"
EndProject
Global
	GlobalSection(SolutionConfigurationPlatforms) = preSolution
		Debug|Any CPU = Debug|Any CPU
		Release|Any CPU = Release|Any CPU
	EndGlobalSection
	GlobalSection(ProjectConfigurationPlatforms) = postSolution
		{82793579-056C-4668-A4A6-A62613175C1B}.Debug|Any CPU.ActiveCfg = Debug|Any CPU
		{82793579-056C-4668-A4A6-A62613175C1B}.Debug|Any CPU.Build.0 = Debug|Any CPU
		{82793579-056C-4668-A4A6-A62613175C1B}.Release|Any CPU.ActiveCfg = Release|Any CPU
		{82793579-056C-4668-A4A6-A62613175C1B}.Release|Any CPU.Build.0 = Release|Any CPU
		{3C9010DC-C1AE-4125-8EBF-DDDD7E479390}.Debug|Any CPU.ActiveCfg = Debug|Any CPU
		{3C9010DC-C1AE-4125-8EBF-DDDD7E479390}.Debug|Any CPU.Build.0 = Debug|Any CPU
		{3C9010DC-C1AE-4125-8EBF-DDDD7E479390}.Release|Any CPU.ActiveCfg = Release|Any CPU
		{3C9010DC-C1AE-4125-8EBF-DDDD7E479390}.Release|Any CPU.Build.0 = Release|Any CPU
		{D88219C5-5FC3-4474-AF60-7338121BFC60}.Debug|Any CPU.ActiveCfg = Debug|Any CPU
		{D88219C5-5FC3-4474-AF60-7338121BFC60}.Debug|Any CPU.Build.0 = Debug|Any CPU
		{D88219C5-5FC3-4474-AF60-7338121BFC60}.Release|Any CPU.ActiveCfg = Release|Any CPU
		{D88219C5-5FC3-4474-AF60-7338121BFC60}.Release|Any CPU.Build.0 = Release|Any CPU
		{5E23A266-6CB2-427B-A868-B03BA48DF2D3}.Debug|Any CPU.ActiveCfg = Debug|Any CPU
		{5E23A266-6CB2-427B-A868-B03BA48DF2D3}.Debug|Any CPU.Build.0 = Debug|Any CPU
		{5E23A266-6CB2-427B-A868-B03BA48DF2D3}.Release|Any CPU.ActiveCfg = Release|Any CPU
		{5E23A266-6CB2-427B-A868-B03BA48DF2D3}.Release|Any CPU.Build.0 = Release|Any CPU
		{B71F4D50-22E3-443C-A556-7E3AFC508B57}.Debug|Any CPU.ActiveCfg = Debug|Any CPU
		{B71F4D50-22E3-443C-A556-7E3AFC508B57}.Debug|Any CPU.Build.0 = Debug|Any CPU
		{B71F4D50-22E3-443C-A556-7E3AFC508B57}.Release|Any CPU.ActiveCfg = Release|Any CPU
		{B71F4D50-22E3-443C-A556-7E3AFC508B57}.Release|Any CPU.Build.0 = Release|Any CPU
		{0FB28431-1386-4245-A2E6-02260A002508}.Debug|Any CPU.ActiveCfg = Debug|Any CPU
		{0FB28431-1386-4245-A2E6-02260A002508}.Debug|Any CPU.Build.0 = Debug|Any CPU
		{0FB28431-1386-4245-A2E6-02260A002508}.Release|Any CPU.ActiveCfg = Release|Any CPU
		{0FB28431-1386-4245-A2E6-02260A002508}.Release|Any CPU.Build.0 = Release|Any CPU
		{E60B20D2-5C22-41A6-8044-CBCFADF3DB17}.Debug|Any CPU.ActiveCfg = Debug|Any CPU
		{E60B20D2-5C22-41A6-8044-CBCFADF3DB17}.Debug|Any CPU.Build.0 = Debug|Any CPU
		{E60B20D2-5C22-41A6-8044-CBCFADF3DB17}.Release|Any CPU.ActiveCfg = Release|Any CPU
		{E60B20D2-5C22-41A6-8044-CBCFADF3DB17}.Release|Any CPU.Build.0 = Release|Any CPU
		{72F88323-18FA-4013-B6C6-DA1ADDD4AB98}.Debug|Any CPU.ActiveCfg = Debug|Any CPU
		{72F88323-18FA-4013-B6C6-DA1ADDD4AB98}.Debug|Any CPU.Build.0 = Debug|Any CPU
		{72F88323-18FA-4013-B6C6-DA1ADDD4AB98}.Release|Any CPU.ActiveCfg = Release|Any CPU
		{72F88323-18FA-4013-B6C6-DA1ADDD4AB98}.Release|Any CPU.Build.0 = Release|Any CPU
		{59B4D81F-E661-4684-8BDC-13FB6FFC5841}.Debug|Any CPU.ActiveCfg = Debug|Any CPU
		{59B4D81F-E661-4684-8BDC-13FB6FFC5841}.Debug|Any CPU.Build.0 = Debug|Any CPU
		{59B4D81F-E661-4684-8BDC-13FB6FFC5841}.Release|Any CPU.ActiveCfg = Release|Any CPU
		{59B4D81F-E661-4684-8BDC-13FB6FFC5841}.Release|Any CPU.Build.0 = Release|Any CPU
		{AD48DF23-B0A2-45C5-A6AB-C46E81635F65}.Debug|Any CPU.ActiveCfg = Debug|Any CPU
		{AD48DF23-B0A2-45C5-A6AB-C46E81635F65}.Debug|Any CPU.Build.0 = Debug|Any CPU
		{AD48DF23-B0A2-45C5-A6AB-C46E81635F65}.Release|Any CPU.ActiveCfg = Release|Any CPU
		{AD48DF23-B0A2-45C5-A6AB-C46E81635F65}.Release|Any CPU.Build.0 = Release|Any CPU
		{741B36E2-EE5B-481C-9407-76A2F16193DF}.Debug|Any CPU.ActiveCfg = Debug|Any CPU
		{741B36E2-EE5B-481C-9407-76A2F16193DF}.Debug|Any CPU.Build.0 = Debug|Any CPU
		{741B36E2-EE5B-481C-9407-76A2F16193DF}.Release|Any CPU.ActiveCfg = Release|Any CPU
		{741B36E2-EE5B-481C-9407-76A2F16193DF}.Release|Any CPU.Build.0 = Release|Any CPU
		{B1652379-2E00-4B29-A5BB-FCF9728F4B32}.Debug|Any CPU.ActiveCfg = Debug|Any CPU
		{B1652379-2E00-4B29-A5BB-FCF9728F4B32}.Debug|Any CPU.Build.0 = Debug|Any CPU
		{B1652379-2E00-4B29-A5BB-FCF9728F4B32}.Release|Any CPU.ActiveCfg = Release|Any CPU
		{B1652379-2E00-4B29-A5BB-FCF9728F4B32}.Release|Any CPU.Build.0 = Release|Any CPU
		{CFB74357-E067-4C89-9576-46017E273833}.Debug|Any CPU.ActiveCfg = Debug|Any CPU
		{CFB74357-E067-4C89-9576-46017E273833}.Debug|Any CPU.Build.0 = Debug|Any CPU
		{CFB74357-E067-4C89-9576-46017E273833}.Release|Any CPU.ActiveCfg = Release|Any CPU
		{CFB74357-E067-4C89-9576-46017E273833}.Release|Any CPU.Build.0 = Release|Any CPU
		{70C02D85-28C4-437C-890E-DCC32490EB6C}.Debug|Any CPU.ActiveCfg = Debug|Any CPU
		{70C02D85-28C4-437C-890E-DCC32490EB6C}.Debug|Any CPU.Build.0 = Debug|Any CPU
		{70C02D85-28C4-437C-890E-DCC32490EB6C}.Release|Any CPU.ActiveCfg = Release|Any CPU
		{70C02D85-28C4-437C-890E-DCC32490EB6C}.Release|Any CPU.Build.0 = Release|Any CPU
		{DE406CD6-B060-4514-BB69-4B54D7347B8F}.Debug|Any CPU.ActiveCfg = Debug|Any CPU
		{DE406CD6-B060-4514-BB69-4B54D7347B8F}.Debug|Any CPU.Build.0 = Debug|Any CPU
		{DE406CD6-B060-4514-BB69-4B54D7347B8F}.Release|Any CPU.ActiveCfg = Release|Any CPU
		{DE406CD6-B060-4514-BB69-4B54D7347B8F}.Release|Any CPU.Build.0 = Release|Any CPU
		{5FCE2C5B-40E0-43A9-8850-9644562F2A52}.Debug|Any CPU.ActiveCfg = Debug|Any CPU
		{5FCE2C5B-40E0-43A9-8850-9644562F2A52}.Debug|Any CPU.Build.0 = Debug|Any CPU
		{5FCE2C5B-40E0-43A9-8850-9644562F2A52}.Release|Any CPU.ActiveCfg = Release|Any CPU
		{5FCE2C5B-40E0-43A9-8850-9644562F2A52}.Release|Any CPU.Build.0 = Release|Any CPU
		{A90D426F-EB61-4FE0-9D88-012C23CD8475}.Debug|Any CPU.ActiveCfg = Debug|Any CPU
		{A90D426F-EB61-4FE0-9D88-012C23CD8475}.Debug|Any CPU.Build.0 = Debug|Any CPU
		{A90D426F-EB61-4FE0-9D88-012C23CD8475}.Release|Any CPU.ActiveCfg = Release|Any CPU
		{A90D426F-EB61-4FE0-9D88-012C23CD8475}.Release|Any CPU.Build.0 = Release|Any CPU
		{1CAF8027-8334-44A4-8D5E-BF7C3E256189}.Debug|Any CPU.ActiveCfg = Debug|Any CPU
		{1CAF8027-8334-44A4-8D5E-BF7C3E256189}.Debug|Any CPU.Build.0 = Debug|Any CPU
		{1CAF8027-8334-44A4-8D5E-BF7C3E256189}.Release|Any CPU.ActiveCfg = Release|Any CPU
		{1CAF8027-8334-44A4-8D5E-BF7C3E256189}.Release|Any CPU.Build.0 = Release|Any CPU
		{3847E4D4-AE7C-4C91-A001-C1792FF58E31}.Debug|Any CPU.ActiveCfg = Debug|Any CPU
		{3847E4D4-AE7C-4C91-A001-C1792FF58E31}.Debug|Any CPU.Build.0 = Debug|Any CPU
		{3847E4D4-AE7C-4C91-A001-C1792FF58E31}.Release|Any CPU.ActiveCfg = Release|Any CPU
		{3847E4D4-AE7C-4C91-A001-C1792FF58E31}.Release|Any CPU.Build.0 = Release|Any CPU
		{A3E40B1B-6CC6-4C76-B6A8-633C47F47D57}.Debug|Any CPU.ActiveCfg = Debug|Any CPU
		{A3E40B1B-6CC6-4C76-B6A8-633C47F47D57}.Debug|Any CPU.Build.0 = Debug|Any CPU
		{A3E40B1B-6CC6-4C76-B6A8-633C47F47D57}.Release|Any CPU.ActiveCfg = Release|Any CPU
		{A3E40B1B-6CC6-4C76-B6A8-633C47F47D57}.Release|Any CPU.Build.0 = Release|Any CPU
		{95915AE8-6123-4974-8EC8-AD91BE21AA54}.Debug|Any CPU.ActiveCfg = Debug|Any CPU
		{95915AE8-6123-4974-8EC8-AD91BE21AA54}.Debug|Any CPU.Build.0 = Debug|Any CPU
		{95915AE8-6123-4974-8EC8-AD91BE21AA54}.Release|Any CPU.ActiveCfg = Release|Any CPU
		{95915AE8-6123-4974-8EC8-AD91BE21AA54}.Release|Any CPU.Build.0 = Release|Any CPU
		{38FFBFE1-0B46-47A4-90D5-B306F3DFAE2C}.Debug|Any CPU.ActiveCfg = Debug|Any CPU
		{38FFBFE1-0B46-47A4-90D5-B306F3DFAE2C}.Debug|Any CPU.Build.0 = Debug|Any CPU
		{38FFBFE1-0B46-47A4-90D5-B306F3DFAE2C}.Release|Any CPU.ActiveCfg = Release|Any CPU
		{38FFBFE1-0B46-47A4-90D5-B306F3DFAE2C}.Release|Any CPU.Build.0 = Release|Any CPU
		{2ED74D64-902A-404E-A0D6-D4E44594271C}.Debug|Any CPU.ActiveCfg = Debug|Any CPU
		{2ED74D64-902A-404E-A0D6-D4E44594271C}.Debug|Any CPU.Build.0 = Debug|Any CPU
		{2ED74D64-902A-404E-A0D6-D4E44594271C}.Release|Any CPU.ActiveCfg = Release|Any CPU
		{2ED74D64-902A-404E-A0D6-D4E44594271C}.Release|Any CPU.Build.0 = Release|Any CPU
		{143BEC2A-9144-45CA-936E-23C4C34625D5}.Debug|Any CPU.ActiveCfg = Debug|Any CPU
		{143BEC2A-9144-45CA-936E-23C4C34625D5}.Debug|Any CPU.Build.0 = Debug|Any CPU
		{143BEC2A-9144-45CA-936E-23C4C34625D5}.Release|Any CPU.ActiveCfg = Release|Any CPU
		{143BEC2A-9144-45CA-936E-23C4C34625D5}.Release|Any CPU.Build.0 = Release|Any CPU
		{FECFB5DC-2661-4070-B96F-0959CBBCC3B3}.Debug|Any CPU.ActiveCfg = Debug|Any CPU
		{FECFB5DC-2661-4070-B96F-0959CBBCC3B3}.Debug|Any CPU.Build.0 = Debug|Any CPU
		{FECFB5DC-2661-4070-B96F-0959CBBCC3B3}.Release|Any CPU.ActiveCfg = Release|Any CPU
		{FECFB5DC-2661-4070-B96F-0959CBBCC3B3}.Release|Any CPU.Build.0 = Release|Any CPU
		{6903162A-090A-47C2-BC65-4F9E4CAC5012}.Debug|Any CPU.ActiveCfg = Debug|Any CPU
		{6903162A-090A-47C2-BC65-4F9E4CAC5012}.Debug|Any CPU.Build.0 = Debug|Any CPU
		{6903162A-090A-47C2-BC65-4F9E4CAC5012}.Release|Any CPU.ActiveCfg = Release|Any CPU
		{6903162A-090A-47C2-BC65-4F9E4CAC5012}.Release|Any CPU.Build.0 = Release|Any CPU
		{DCE6F10D-7FFE-4693-8ECC-9F78C40EB0F2}.Debug|Any CPU.ActiveCfg = Debug|Any CPU
		{DCE6F10D-7FFE-4693-8ECC-9F78C40EB0F2}.Debug|Any CPU.Build.0 = Debug|Any CPU
		{DCE6F10D-7FFE-4693-8ECC-9F78C40EB0F2}.Release|Any CPU.ActiveCfg = Release|Any CPU
		{DCE6F10D-7FFE-4693-8ECC-9F78C40EB0F2}.Release|Any CPU.Build.0 = Release|Any CPU
		{13C21189-7B6C-4C85-AE38-B78A230EB5FF}.Debug|Any CPU.ActiveCfg = Debug|Any CPU
		{13C21189-7B6C-4C85-AE38-B78A230EB5FF}.Debug|Any CPU.Build.0 = Debug|Any CPU
		{13C21189-7B6C-4C85-AE38-B78A230EB5FF}.Release|Any CPU.ActiveCfg = Release|Any CPU
		{13C21189-7B6C-4C85-AE38-B78A230EB5FF}.Release|Any CPU.Build.0 = Release|Any CPU
	EndGlobalSection
	GlobalSection(SolutionProperties) = preSolution
		HideSolutionNode = FALSE
	EndGlobalSection
	GlobalSection(NestedProjects) = preSolution
		{56C11EE1-F863-4223-8364-4F5FCA6DEB00} = {367B449B-DACF-49EA-A388-C640BAFC940D}
		{B83D9F3E-68D1-45B2-A545-433E60178E37} = {4DF2B42F-48B0-4B18-9A27-6DC52BAA7C98}
		{E5DB508F-7205-4B99-948E-F5CBDE6AFDAE} = {367B449B-DACF-49EA-A388-C640BAFC940D}
		{89AD49E3-A23B-4A6D-82DF-84AA8618570E} = {4DF2B42F-48B0-4B18-9A27-6DC52BAA7C98}
		{82793579-056C-4668-A4A6-A62613175C1B} = {E5DB508F-7205-4B99-948E-F5CBDE6AFDAE}
		{3C9010DC-C1AE-4125-8EBF-DDDD7E479390} = {E5DB508F-7205-4B99-948E-F5CBDE6AFDAE}
		{D88219C5-5FC3-4474-AF60-7338121BFC60} = {E5DB508F-7205-4B99-948E-F5CBDE6AFDAE}
		{5E23A266-6CB2-427B-A868-B03BA48DF2D3} = {56C11EE1-F863-4223-8364-4F5FCA6DEB00}
		{B71F4D50-22E3-443C-A556-7E3AFC508B57} = {56C11EE1-F863-4223-8364-4F5FCA6DEB00}
		{0FB28431-1386-4245-A2E6-02260A002508} = {56C11EE1-F863-4223-8364-4F5FCA6DEB00}
		{E60B20D2-5C22-41A6-8044-CBCFADF3DB17} = {56C11EE1-F863-4223-8364-4F5FCA6DEB00}
		{72F88323-18FA-4013-B6C6-DA1ADDD4AB98} = {116C521F-A270-4922-A929-6E04BFC63B57}
		{59B4D81F-E661-4684-8BDC-13FB6FFC5841} = {56C11EE1-F863-4223-8364-4F5FCA6DEB00}
		{AD48DF23-B0A2-45C5-A6AB-C46E81635F65} = {56C11EE1-F863-4223-8364-4F5FCA6DEB00}
		{741B36E2-EE5B-481C-9407-76A2F16193DF} = {56C11EE1-F863-4223-8364-4F5FCA6DEB00}
		{B1652379-2E00-4B29-A5BB-FCF9728F4B32} = {116C521F-A270-4922-A929-6E04BFC63B57}
		{CFB74357-E067-4C89-9576-46017E273833} = {F3553087-B338-413F-BEA8-5CCCD6EFE034}
		{70C02D85-28C4-437C-890E-DCC32490EB6C} = {F3553087-B338-413F-BEA8-5CCCD6EFE034}
		{DE406CD6-B060-4514-BB69-4B54D7347B8F} = {56C11EE1-F863-4223-8364-4F5FCA6DEB00}
		{5FCE2C5B-40E0-43A9-8850-9644562F2A52} = {56C11EE1-F863-4223-8364-4F5FCA6DEB00}
		{A90D426F-EB61-4FE0-9D88-012C23CD8475} = {56C11EE1-F863-4223-8364-4F5FCA6DEB00}
		{1CAF8027-8334-44A4-8D5E-BF7C3E256189} = {B83D9F3E-68D1-45B2-A545-433E60178E37}
		{3847E4D4-AE7C-4C91-A001-C1792FF58E31} = {89AD49E3-A23B-4A6D-82DF-84AA8618570E}
		{A3E40B1B-6CC6-4C76-B6A8-633C47F47D57} = {89AD49E3-A23B-4A6D-82DF-84AA8618570E}
		{95915AE8-6123-4974-8EC8-AD91BE21AA54} = {89AD49E3-A23B-4A6D-82DF-84AA8618570E}
		{38FFBFE1-0B46-47A4-90D5-B306F3DFAE2C} = {E5DB508F-7205-4B99-948E-F5CBDE6AFDAE}
		{2ED74D64-902A-404E-A0D6-D4E44594271C} = {56C11EE1-F863-4223-8364-4F5FCA6DEB00}
		{143BEC2A-9144-45CA-936E-23C4C34625D5} = {56C11EE1-F863-4223-8364-4F5FCA6DEB00}
		{FECFB5DC-2661-4070-B96F-0959CBBCC3B3} = {116C521F-A270-4922-A929-6E04BFC63B57}
		{6903162A-090A-47C2-BC65-4F9E4CAC5012} = {89AD49E3-A23B-4A6D-82DF-84AA8618570E}
		{DCE6F10D-7FFE-4693-8ECC-9F78C40EB0F2} = {56C11EE1-F863-4223-8364-4F5FCA6DEB00}
		{13C21189-7B6C-4C85-AE38-B78A230EB5FF} = {89AD49E3-A23B-4A6D-82DF-84AA8618570E}
		{F3553087-B338-413F-BEA8-5CCCD6EFE034} = {E5DB508F-7205-4B99-948E-F5CBDE6AFDAE}
		{116C521F-A270-4922-A929-6E04BFC63B57} = {E5DB508F-7205-4B99-948E-F5CBDE6AFDAE}
	EndGlobalSection
	GlobalSection(ExtensibilityGlobals) = postSolution
		SolutionGuid = {AA9C8144-C4B5-4AF6-A069-964ED2759607}
	EndGlobalSection
EndGlobal
